
Microsoft Visual Studio Solution File, Format Version 12.00
# Visual Studio 15
VisualStudioVersion = 15.0.27428.2002
MinimumVisualStudioVersion = 10.0.40219.1
Project("{FAE04EC0-301F-11D3-BF4B-00C04F79EFBC}") = "TAP Example - Basic", "TAP Example - Basic\TAP Example - Basic.csproj", "{B2776C68-3F58-4CB4-ACED-F927FBFD0692}"
EndProject
Global
	GlobalSection(SolutionConfigurationPlatforms) = preSolution
		Debug|Any CPU = Debug|Any CPU
		Release|Any CPU = Release|Any CPU
	EndGlobalSection
	GlobalSection(ProjectConfigurationPlatforms) = postSolution
		{B2776C68-3F58-4CB4-ACED-F927FBFD0692}.Debug|Any CPU.ActiveCfg = Debug|Any CPU
		{B2776C68-3F58-4CB4-ACED-F927FBFD0692}.Debug|Any CPU.Build.0 = Debug|Any CPU
		{B2776C68-3F58-4CB4-ACED-F927FBFD0692}.Release|Any CPU.ActiveCfg = Release|Any CPU
		{B2776C68-3F58-4CB4-ACED-F927FBFD0692}.Release|Any CPU.Build.0 = Release|Any CPU
	EndGlobalSection
	GlobalSection(SolutionProperties) = preSolution
		HideSolutionNode = FALSE
	EndGlobalSection
	GlobalSection(ExtensibilityGlobals) = postSolution
		SolutionGuid = {8FB58587-25F1-46AF-9522-A83DA71BF83E}
	EndGlobalSection
EndGlobal
